{
  "name": "webcorn-playground",
  "version": "1.0.0",
  "lockfileVersion": 3,
  "requires": true,
  "packages": {
    "": {
      "name": "webcorn-playground",
      "version": "1.0.0",
      "license": "ISC",
      "dependencies": {
        "webcorn": "file:../.."
      }
    },
    "../..": {
      "name": "webcorn",
      "version": "0.2.7",
      "license": "MIT",
      "dependencies": {
        "comlink": "^4.4.2"
      },
      "devDependencies": {
        "@rollup/plugin-commonjs": "^28.0.2",
        "@rollup/plugin-node-resolve": "^16.0.0",
        "rollup": "^4.28.1"
      }
    },
    "node_modules/webcorn": {
      "resolved": "../..",
      "link": true
    }
  }
}
