{
  "name": "wagtail_app",
  "version": "1.0.0",
  "lockfileVersion": 3,
  "requires": true,
  "packages": {
    "": {
      "name": "wagtail_app",
      "version": "1.0.0",
      "license": "ISC",
      "dependencies": {
        "webcorn": "file:../.."
      }
    },
    "../..": {
      "version": "0.2.3",
      "license": "MIT",
      "dependencies": {
        "comlink": "^4.4.2",
        "pyodide": "^0.26.4"
      },
      "devDependencies": {
        "@rollup/plugin-commonjs": "^28.0.2",
        "@rollup/plugin-node-resolve": "^16.0.0",
        "rollup": "^4.28.1",
        "rollup-plugin-copy": "^3.5.0"
      }
    },
    "node_modules/webcorn": {
      "resolved": "../..",
      "link": true
    }
  }
}
